
Microsoft Visual Studio Solution File, Format Version 12.00
# Visual Studio Version 17
VisualStudioVersion = 17.10.35013.160
MinimumVisualStudioVersion = 10.0.40219.1
Project("{FAE04EC0-301F-11D3-BF4B-00C04F79EFBC}") = "AIShadersPatcher", "AIShadersPatcher\AIShadersPatcher.csproj", "{8A32B74A-01CC-40DD-AD88-4E0335A084A3}"
EndProject
Global
	GlobalSection(SolutionConfigurationPlatforms) = preSolution
		Debug|Any CPU = Debug|Any CPU
		Release|Any CPU = Release|Any CPU
	EndGlobalSection
	GlobalSection(ProjectConfigurationPlatforms) = postSolution
		{8A32B74A-01CC-40DD-AD88-4E0335A084A3}.Debug|Any CPU.ActiveCfg = Debug|Any CPU
		{8A32B74A-01CC-40DD-AD88-4E0335A084A3}.Debug|Any CPU.Build.0 = Debug|Any CPU
		{8A32B74A-01CC-40DD-AD88-4E0335A084A3}.Release|Any CPU.ActiveCfg = Release|Any CPU
		{8A32B74A-01CC-40DD-AD88-4E0335A084A3}.Release|Any CPU.Build.0 = Release|Any CPU
	EndGlobalSection
	GlobalSection(SolutionProperties) = preSolution
		HideSolutionNode = FALSE
	EndGlobalSection
	GlobalSection(ExtensibilityGlobals) = postSolution
		SolutionGuid = {8A61F712-F232-46EF-A666-DE0B9803152A}
	EndGlobalSection
EndGlobal
